// !$*UTF8*$!
{
	archiveVersion = 1;
	classes = {
	};
	objectVersion = 46;
	objects = {

/* Begin PBXBuildFile section */
		880CDA0A16656B680093603E /* UIKit.framework in Frameworks */ = {isa = PBXBuildFile; fileRef = 880CDA0916656B680093603E /* UIKit.framework */; };
		880CDA0C16656B680093603E /* Foundation.framework in Frameworks */ = {isa = PBXBuildFile; fileRef = 880CDA0B16656B680093603E /* Foundation.framework */; };
		880CDA0E16656B680093603E /* CoreGraphics.framework in Frameworks */ = {isa = PBXBuildFile; fileRef = 880CDA0D16656B680093603E /* CoreGraphics.framework */; };
		880CDA1416656B680093603E /* InfoPlist.strings in Resources */ = {isa = PBXBuildFile; fileRef = 880CDA1216656B680093603E /* InfoPlist.strings */; };
		880CDA1616656B680093603E /* main.m in Sources */ = {isa = PBXBuildFile; fileRef = 880CDA1516656B680093603E /* main.m */; };
		880CDA1A16656B680093603E /* AppDelegate.m in Sources */ = {isa = PBXBuildFile; fileRef = 880CDA1916656B680093603E /* AppDelegate.m */; };
		880CDA1C16656B680093603E /* Default.png in Resources */ = {isa = PBXBuildFile; fileRef = 880CDA1B16656B680093603E /* Default.png */; };
		880CDA1E16656B680093603E /* Default@2x.png in Resources */ = {isa = PBXBuildFile; fileRef = 880CDA1D16656B680093603E /* Default@2x.png */; };
		880CDA2016656B680093603E /* Default-568h@2x.png in Resources */ = {isa = PBXBuildFile; fileRef = 880CDA1F16656B680093603E /* Default-568h@2x.png */; };
		880CDA2316656B680093603E /* MainStoryboard.storyboard in Resources */ = {isa = PBXBuildFile; fileRef = 880CDA2116656B680093603E /* MainStoryboard.storyboard */; };
		880CDA2616656B680093603E /* ViewController.m in Sources */ = {isa = PBXBuildFile; fileRef = 880CDA2516656B680093603E /* ViewController.m */; };
		880CDA2E16656B680093603E /* SenTestingKit.framework in Frameworks */ = {isa = PBXBuildFile; fileRef = 880CDA2D16656B680093603E /* SenTestingKit.framework */; };
		880CDA2F16656B680093603E /* UIKit.framework in Frameworks */ = {isa = PBXBuildFile; fileRef = 880CDA0916656B680093603E /* UIKit.framework */; };
		880CDA3016656B680093603E /* Foundation.framework in Frameworks */ = {isa = PBXBuildFile; fileRef = 880CDA0B16656B680093603E /* Foundation.framework */; };
		880CDA3816656B680093603E /* InfoPlist.strings in Resources */ = {isa = PBXBuildFile; fileRef = 880CDA3616656B680093603E /* InfoPlist.strings */; };
		880CDA3B16656B680093603E /* NotFussedTests.m in Sources */ = {isa = PBXBuildFile; fileRef = 880CDA3A16656B680093603E /* NotFussedTests.m */; };
/* End PBXBuildFile section */

/* Begin PBXContainerItemProxy section */
		880CDA3116656B680093603E /* PBXContainerItemProxy */ = {
			isa = PBXContainerItemProxy;
			containerPortal = 880CD9FC16656B680093603E /* Project object */;
			proxyType = 1;
			remoteGlobalIDString = 880CDA0416656B680093603E;
			remoteInfo = NotFussed;
		};
/* End PBXContainerItemProxy section */

/* Begin PBXFileReference section */
		880CDA0516656B680093603E /* NotFussed.app */ = {isa = PBXFileReference; explicitFileType = wrapper.application; includeInIndex = 0; path = NotFussed.app; sourceTree = BUILT_PRODUCTS_DIR; };
		880CDA0916656B680093603E /* UIKit.framework */ = {isa = PBXFileReference; lastKnownFileType = wrapper.framework; name = UIKit.framework; path = System/Library/Frameworks/UIKit.framework; sourceTree = SDKROOT; };
		880CDA0B16656B680093603E /* Foundation.framework */ = {isa = PBXFileReference; lastKnownFileType = wrapper.framework; name = Foundation.framework; path = System/Library/Frameworks/Foundation.framework; sourceTree = SDKROOT; };
		880CDA0D16656B680093603E /* CoreGraphics.framework */ = {isa = PBXFileReference; lastKnownFileType = wrapper.framework; name = CoreGraphics.framework; path = System/Library/Frameworks/CoreGraphics.framework; sourceTree = SDKROOT; };
		880CDA1116656B680093603E /* NotFussed-Info.plist */ = {isa = PBXFileReference; lastKnownFileType = text.plist.xml; path = "NotFussed-Info.plist"; sourceTree = "<group>"; };
		880CDA1316656B680093603E /* en */ = {isa = PBXFileReference; lastKnownFileType = text.plist.strings; name = en; path = en.lproj/InfoPlist.strings; sourceTree = "<group>"; };
		880CDA1516656B680093603E /* main.m */ = {isa = PBXFileReference; lastKnownFileType = sourcecode.c.objc; path = main.m; sourceTree = "<group>"; };
		880CDA1716656B680093603E /* NotFussed-Prefix.pch */ = {isa = PBXFileReference; lastKnownFileType = sourcecode.c.h; path = "NotFussed-Prefix.pch"; sourceTree = "<group>"; };
		880CDA1816656B680093603E /* AppDelegate.h */ = {isa = PBXFileReference; lastKnownFileType = sourcecode.c.h; path = AppDelegate.h; sourceTree = "<group>"; };
		880CDA1916656B680093603E /* AppDelegate.m */ = {isa = PBXFileReference; lastKnownFileType = sourcecode.c.objc; path = AppDelegate.m; sourceTree = "<group>"; };
		880CDA1B16656B680093603E /* Default.png */ = {isa = PBXFileReference; lastKnownFileType = image.png; path = Default.png; sourceTree = "<group>"; };
		880CDA1D16656B680093603E /* Default@2x.png */ = {isa = PBXFileReference; lastKnownFileType = image.png; path = "Default@2x.png"; sourceTree = "<group>"; };
		880CDA1F16656B680093603E /* Default-568h@2x.png */ = {isa = PBXFileReference; lastKnownFileType = image.png; path = "Default-568h@2x.png"; sourceTree = "<group>"; };
		880CDA2216656B680093603E /* en */ = {isa = PBXFileReference; lastKnownFileType = file.storyboard; name = en; path = en.lproj/MainStoryboard.storyboard; sourceTree = "<group>"; };
		880CDA2416656B680093603E /* ViewController.h */ = {isa = PBXFileReference; lastKnownFileType = sourcecode.c.h; path = ViewController.h; sourceTree = "<group>"; };
		880CDA2516656B680093603E /* ViewController.m */ = {isa = PBXFileReference; lastKnownFileType = sourcecode.c.objc; path = ViewController.m; sourceTree = "<group>"; };
		880CDA2C16656B680093603E /* NotFussedTests.octest */ = {isa = PBXFileReference; explicitFileType = wrapper.cfbundle; includeInIndex = 0; path = NotFussedTests.octest; sourceTree = BUILT_PRODUCTS_DIR; };
		880CDA2D16656B680093603E /* SenTestingKit.framework */ = {isa = PBXFileReference; lastKnownFileType = wrapper.framework; name = SenTestingKit.framework; path = Library/Frameworks/SenTestingKit.framework; sourceTree = DEVELOPER_DIR; };
		880CDA3516656B680093603E /* NotFussedTests-Info.plist */ = {isa = PBXFileReference; lastKnownFileType = text.plist.xml; path = "NotFussedTests-Info.plist"; sourceTree = "<group>"; };
		880CDA3716656B680093603E /* en */ = {isa = PBXFileReference; lastKnownFileType = text.plist.strings; name = en; path = en.lproj/InfoPlist.strings; sourceTree = "<group>"; };
		880CDA3916656B680093603E /* NotFussedTests.h */ = {isa = PBXFileReference; lastKnownFileType = sourcecode.c.h; path = NotFussedTests.h; sourceTree = "<group>"; };
		880CDA3A16656B680093603E /* NotFussedTests.m */ = {isa = PBXFileReference; lastKnownFileType = sourcecode.c.objc; path = NotFussedTests.m; sourceTree = "<group>"; };
/* End PBXFileReference section */

/* Begin PBXFrameworksBuildPhase section */
		880CDA0216656B680093603E /* Frameworks */ = {
			isa = PBXFrameworksBuildPhase;
			buildActionMask = 2147483647;
			files = (
				880CDA0A16656B680093603E /* UIKit.framework in Frameworks */,
				880CDA0C16656B680093603E /* Foundation.framework in Frameworks */,
				880CDA0E16656B680093603E /* CoreGraphics.framework in Frameworks */,
			);
			runOnlyForDeploymentPostprocessing = 0;
		};
		880CDA2816656B680093603E /* Frameworks */ = {
			isa = PBXFrameworksBuildPhase;
			buildActionMask = 2147483647;
			files = (
				880CDA2E16656B680093603E /* SenTestingKit.framework in Frameworks */,
				880CDA2F16656B680093603E /* UIKit.framework in Frameworks */,
				880CDA3016656B680093603E /* Foundation.framework in Frameworks */,
			);
			runOnlyForDeploymentPostprocessing = 0;
		};
/* End PBXFrameworksBuildPhase section */

/* Begin PBXGroup section */
		880CD9FA16656B680093603E = {
			isa = PBXGroup;
			children = (
				880CDA0F16656B680093603E /* NotFussed */,
				880CDA3316656B680093603E /* NotFussedTests */,
				880CDA0816656B680093603E /* Frameworks */,
				880CDA0616656B680093603E /* Products */,
			);
			sourceTree = "<group>";
		};
		880CDA0616656B680093603E /* Products */ = {
			isa = PBXGroup;
			children = (
				880CDA0516656B680093603E /* NotFussed.app */,
				880CDA2C16656B680093603E /* NotFussedTests.octest */,
			);
			name = Products;
			sourceTree = "<group>";
		};
		880CDA0816656B680093603E /* Frameworks */ = {
			isa = PBXGroup;
			children = (
				880CDA0916656B680093603E /* UIKit.framework */,
				880CDA0B16656B680093603E /* Foundation.framework */,
				880CDA0D16656B680093603E /* CoreGraphics.framework */,
				880CDA2D16656B680093603E /* SenTestingKit.framework */,
			);
			name = Frameworks;
			sourceTree = "<group>";
		};
		880CDA0F16656B680093603E /* NotFussed */ = {
			isa = PBXGroup;
			children = (
				880CDA1816656B680093603E /* AppDelegate.h */,
				880CDA1916656B680093603E /* AppDelegate.m */,
				880CDA2116656B680093603E /* MainStoryboard.storyboard */,
				880CDA2416656B680093603E /* ViewController.h */,
				880CDA2516656B680093603E /* ViewController.m */,
				880CDA1016656B680093603E /* Supporting Files */,
			);
			path = NotFussed;
			sourceTree = "<group>";
		};
		880CDA1016656B680093603E /* Supporting Files */ = {
			isa = PBXGroup;
			children = (
				880CDA1116656B680093603E /* NotFussed-Info.plist */,
				880CDA1216656B680093603E /* InfoPlist.strings */,
				880CDA1516656B680093603E /* main.m */,
				880CDA1716656B680093603E /* NotFussed-Prefix.pch */,
				880CDA1B16656B680093603E /* Default.png */,
				880CDA1D16656B680093603E /* Default@2x.png */,
				880CDA1F16656B680093603E /* Default-568h@2x.png */,
			);
			name = "Supporting Files";
			sourceTree = "<group>";
		};
		880CDA3316656B680093603E /* NotFussedTests */ = {
			isa = PBXGroup;
			children = (
				880CDA3916656B680093603E /* NotFussedTests.h */,
				880CDA3A16656B680093603E /* NotFussedTests.m */,
				880CDA3416656B680093603E /* Supporting Files */,
			);
			path = NotFussedTests;
			sourceTree = "<group>";
		};
		880CDA3416656B680093603E /* Supporting Files */ = {
			isa = PBXGroup;
			children = (
				880CDA3516656B680093603E /* NotFussedTests-Info.plist */,
				880CDA3616656B680093603E /* InfoPlist.strings */,
			);
			name = "Supporting Files";
			sourceTree = "<group>";
		};
/* End PBXGroup section */

/* Begin PBXNativeTarget section */
		880CDA0416656B680093603E /* NotFussed */ = {
			isa = PBXNativeTarget;
			buildConfigurationList = 880CDA3E16656B680093603E /* Build configuration list for PBXNativeTarget "NotFussed" */;
			buildPhases = (
				880CDA0116656B680093603E /* Sources */,
				880CDA0216656B680093603E /* Frameworks */,
				880CDA0316656B680093603E /* Resources */,
			);
			buildRules = (
			);
			dependencies = (
			);
			name = NotFussed;
			productName = NotFussed;
			productReference = 880CDA0516656B680093603E /* NotFussed.app */;
			productType = "com.apple.product-type.application";
		};
		880CDA2B16656B680093603E /* NotFussedTests */ = {
			isa = PBXNativeTarget;
			buildConfigurationList = 880CDA4116656B680093603E /* Build configuration list for PBXNativeTarget "NotFussedTests" */;
			buildPhases = (
				880CDA2716656B680093603E /* Sources */,
				880CDA2816656B680093603E /* Frameworks */,
				880CDA2916656B680093603E /* Resources */,
				880CDA2A16656B680093603E /* ShellScript */,
			);
			buildRules = (
			);
			dependencies = (
				880CDA3216656B680093603E /* PBXTargetDependency */,
			);
			name = NotFussedTests;
			productName = NotFussedTests;
			productReference = 880CDA2C16656B680093603E /* NotFussedTests.octest */;
			productType = "com.apple.product-type.bundle";
		};
/* End PBXNativeTarget section */

/* Begin PBXProject section */
		880CD9FC16656B680093603E /* Project object */ = {
			isa = PBXProject;
			attributes = {
				LastUpgradeCheck = 0450;
				ORGANIZATIONNAME = "The University of Waikato";
			};
			buildConfigurationList = 880CD9FF16656B680093603E /* Build configuration list for PBXProject "NotFussed" */;
			compatibilityVersion = "Xcode 3.2";
			developmentRegion = English;
			hasScannedForEncodings = 0;
			knownRegions = (
				en,
			);
			mainGroup = 880CD9FA16656B680093603E;
			productRefGroup = 880CDA0616656B680093603E /* Products */;
			projectDirPath = "";
			projectRoot = "";
			targets = (
				880CDA0416656B680093603E /* NotFussed */,
				880CDA2B16656B680093603E /* NotFussedTests */,
			);
		};
/* End PBXProject section */

/* Begin PBXResourcesBuildPhase section */
		880CDA0316656B680093603E /* Resources */ = {
			isa = PBXResourcesBuildPhase;
			buildActionMask = 2147483647;
			files = (
				880CDA1416656B680093603E /* InfoPlist.strings in Resources */,
				880CDA1C16656B680093603E /* Default.png in Resources */,
				880CDA1E16656B680093603E /* Default@2x.png in Resources */,
				880CDA2016656B680093603E /* Default-568h@2x.png in Resources */,
				880CDA2316656B680093603E /* MainStoryboard.storyboard in Resources */,
			);
			runOnlyForDeploymentPostprocessing = 0;
		};
		880CDA2916656B680093603E /* Resources */ = {
			isa = PBXResourcesBuildPhase;
			buildActionMask = 2147483647;
			files = (
				880CDA3816656B680093603E /* InfoPlist.strings in Resources */,
			);
			runOnlyForDeploymentPostprocessing = 0;
		};
/* End PBXResourcesBuildPhase section */

/* Begin PBXShellScriptBuildPhase section */
		880CDA2A16656B680093603E /* ShellScript */ = {
			isa = PBXShellScriptBuildPhase;
			buildActionMask = 2147483647;
			files = (
			);
			inputPaths = (
			);
			outputPaths = (
			);
			runOnlyForDeploymentPostprocessing = 0;
			shellPath = /bin/sh;
			shellScript = "# Run the unit tests in this test bundle.\n\"${SYSTEM_DEVELOPER_DIR}/Tools/RunUnitTests\"\n";
		};
/* End PBXShellScriptBuildPhase section */

/* Begin PBXSourcesBuildPhase section */
		880CDA0116656B680093603E /* Sources */ = {
			isa = PBXSourcesBuildPhase;
			buildActionMask = 2147483647;
			files = (
				880CDA1616656B680093603E /* main.m in Sources */,
				880CDA1A16656B680093603E /* AppDelegate.m in Sources */,
				880CDA2616656B680093603E /* ViewController.m in Sources */,
			);
			runOnlyForDeploymentPostprocessing = 0;
		};
		880CDA2716656B680093603E /* Sources */ = {
			isa = PBXSourcesBuildPhase;
			buildActionMask = 2147483647;
			files = (
				880CDA3B16656B680093603E /* NotFussedTests.m in Sources */,
			);
			runOnlyForDeploymentPostprocessing = 0;
		};
/* End PBXSourcesBuildPhase section */

/* Begin PBXTargetDependency section */
		880CDA3216656B680093603E /* PBXTargetDependency */ = {
			isa = PBXTargetDependency;
			target = 880CDA0416656B680093603E /* NotFussed */;
			targetProxy = 880CDA3116656B680093603E /* PBXContainerItemProxy */;
		};
/* End PBXTargetDependency section */

/* Begin PBXVariantGroup section */
		880CDA1216656B680093603E /* InfoPlist.strings */ = {
			isa = PBXVariantGroup;
			children = (
				880CDA1316656B680093603E /* en */,
			);
			name = InfoPlist.strings;
			sourceTree = "<group>";
		};
		880CDA2116656B680093603E /* MainStoryboard.storyboard */ = {
			isa = PBXVariantGroup;
			children = (
				880CDA2216656B680093603E /* en */,
			);
			name = MainStoryboard.storyboard;
			sourceTree = "<group>";
		};
		880CDA3616656B680093603E /* InfoPlist.strings */ = {
			isa = PBXVariantGroup;
			children = (
				880CDA3716656B680093603E /* en */,
			);
			name = InfoPlist.strings;
			sourceTree = "<group>";
		};
/* End PBXVariantGroup section */

/* Begin XCBuildConfiguration section */
		880CDA3C16656B680093603E /* Debug */ = {
			isa = XCBuildConfiguration;
			buildSettings = {
				ALWAYS_SEARCH_USER_PATHS = NO;
				CLANG_CXX_LANGUAGE_STANDARD = "gnu++0x";
				CLANG_CXX_LIBRARY = "libc++";
				CLANG_ENABLE_OBJC_ARC = YES;
				CLANG_WARN_EMPTY_BODY = YES;
				CLANG_WARN__DUPLICATE_METHOD_MATCH = YES;
				"CODE_SIGN_IDENTITY[sdk=iphoneos*]" = "iPhone Developer";
				COPY_PHASE_STRIP = NO;
				GCC_C_LANGUAGE_STANDARD = gnu99;
				GCC_DYNAMIC_NO_PIC = NO;
				GCC_OPTIMIZATION_LEVEL = 0;
				GCC_PREPROCESSOR_DEFINITIONS = (
					"DEBUG=1",
					"$(inherited)",
				);
				GCC_SYMBOLS_PRIVATE_EXTERN = NO;
				GCC_WARN_ABOUT_RETURN_TYPE = YES;
				GCC_WARN_UNINITIALIZED_AUTOS = YES;
				GCC_WARN_UNUSED_VARIABLE = YES;
				IPHONEOS_DEPLOYMENT_TARGET = 6.0;
				ONLY_ACTIVE_ARCH = YES;
				SDKROOT = iphoneos;
				TARGETED_DEVICE_FAMILY = 2;
			};
			name = Debug;
		};
		880CDA3D16656B680093603E /* Release */ = {
			isa = XCBuildConfiguration;
			buildSettings = {
				ALWAYS_SEARCH_USER_PATHS = NO;
				CLANG_CXX_LANGUAGE_STANDARD = "gnu++0x";
				CLANG_CXX_LIBRARY = "libc++";
				CLANG_ENABLE_OBJC_ARC = YES;
				CLANG_WARN_EMPTY_BODY = YES;
				CLANG_WARN__DUPLICATE_METHOD_MATCH = YES;
				"CODE_SIGN_IDENTITY[sdk=iphoneos*]" = "iPhone Developer";
				COPY_PHASE_STRIP = YES;
				GCC_C_LANGUAGE_STANDARD = gnu99;
				GCC_WARN_ABOUT_RETURN_TYPE = YES;
				GCC_WARN_UNINITIALIZED_AUTOS = YES;
				GCC_WARN_UNUSED_VARIABLE = YES;
				IPHONEOS_DEPLOYMENT_TARGET = 6.0;
				OTHER_CFLAGS = "-DNS_BLOCK_ASSERTIONS=1";
				SDKROOT = iphoneos;
				TARGETED_DEVICE_FAMILY = 2;
				VALIDATE_PRODUCT = YES;
			};
			name = Release;
		};
		880CDA3F16656B680093603E /* Debug */ = {
			isa = XCBuildConfiguration;
			buildSettings = {
				GCC_PRECOMPILE_PREFIX_HEADER = YES;
				GCC_PREFIX_HEADER = "NotFussed/NotFussed-Prefix.pch";
				INFOPLIST_FILE = "NotFussed/NotFussed-Info.plist";
				PRODUCT_NAME = "$(TARGET_NAME)";
				WRAPPER_EXTENSION = app;
			};
			name = Debug;
		};
		880CDA4016656B680093603E /* Release */ = {
			isa = XCBuildConfiguration;
			buildSettings = {
				GCC_PRECOMPILE_PREFIX_HEADER = YES;
				GCC_PREFIX_HEADER = "NotFussed/NotFussed-Prefix.pch";
				INFOPLIST_FILE = "NotFussed/NotFussed-Info.plist";
				PRODUCT_NAME = "$(TARGET_NAME)";
				WRAPPER_EXTENSION = app;
			};
			name = Release;
		};
		880CDA4216656B680093603E /* Debug */ = {
			isa = XCBuildConfiguration;
			buildSettings = {
				BUNDLE_LOADER = "$(BUILT_PRODUCTS_DIR)/NotFussed.app/NotFussed";
				FRAMEWORK_SEARCH_PATHS = (
					"\"$(SDKROOT)/Developer/Library/Frameworks\"",
					"\"$(DEVELOPER_LIBRARY_DIR)/Frameworks\"",
				);
				GCC_PRECOMPILE_PREFIX_HEADER = YES;
				GCC_PREFIX_HEADER = "NotFussed/NotFussed-Prefix.pch";
				INFOPLIST_FILE = "NotFussedTests/NotFussedTests-Info.plist";
				PRODUCT_NAME = "$(TARGET_NAME)";
				TEST_HOST = "$(BUNDLE_LOADER)";
				WRAPPER_EXTENSION = octest;
			};
			name = Debug;
		};
		880CDA4316656B680093603E /* Release */ = {
			isa = XCBuildConfiguration;
			buildSettings = {
				BUNDLE_LOADER = "$(BUILT_PRODUCTS_DIR)/NotFussed.app/NotFussed";
				FRAMEWORK_SEARCH_PATHS = (
					"\"$(SDKROOT)/Developer/Library/Frameworks\"",
					"\"$(DEVELOPER_LIBRARY_DIR)/Frameworks\"",
				);
				GCC_PRECOMPILE_PREFIX_HEADER = YES;
				GCC_PREFIX_HEADER = "NotFussed/NotFussed-Prefix.pch";
				INFOPLIST_FILE = "NotFussedTests/NotFussedTests-Info.plist";
				PRODUCT_NAME = "$(TARGET_NAME)";
				TEST_HOST = "$(BUNDLE_LOADER)";
				WRAPPER_EXTENSION = octest;
			};
			name = Release;
		};
/* End XCBuildConfiguration section */

/* Begin XCConfigurationList section */
		880CD9FF16656B680093603E /* Build configuration list for PBXProject "NotFussed" */ = {
			isa = XCConfigurationList;
			buildConfigurations = (
				880CDA3C16656B680093603E /* Debug */,
				880CDA3D16656B680093603E /* Release */,
			);
			defaultConfigurationIsVisible = 0;
			defaultConfigurationName = Release;
		};
		880CDA3E16656B680093603E /* Build configuration list for PBXNativeTarget "NotFussed" */ = {
			isa = XCConfigurationList;
			buildConfigurations = (
				880CDA3F16656B680093603E /* Debug */,
				880CDA4016656B680093603E /* Release */,
			);
			defaultConfigurationIsVisible = 0;
		};
		880CDA4116656B680093603E /* Build configuration list for PBXNativeTarget "NotFussedTests" */ = {
			isa = XCConfigurationList;
			buildConfigurations = (
				880CDA4216656B680093603E /* Debug */,
				880CDA4316656B680093603E /* Release */,
			);
			defaultConfigurationIsVisible = 0;
		};
/* End XCConfigurationList section */
	};
	rootObject = 880CD9FC16656B680093603E /* Project object */;
}
