// !$*UTF8*$!
{
	archiveVersion = 1;
	classes = {
	};
	objectVersion = 46;
	objects = {

/* Begin PBXBuildFile section */
		885A37E71666A68800AF4DFF /* UIKit.framework in Frameworks */ = {isa = PBXBuildFile; fileRef = 885A37E61666A68800AF4DFF /* UIKit.framework */; };
		885A37E91666A68800AF4DFF /* Foundation.framework in Frameworks */ = {isa = PBXBuildFile; fileRef = 885A37E81666A68800AF4DFF /* Foundation.framework */; };
		885A37EB1666A68800AF4DFF /* CoreGraphics.framework in Frameworks */ = {isa = PBXBuildFile; fileRef = 885A37EA1666A68800AF4DFF /* CoreGraphics.framework */; };
		885A37F11666A68800AF4DFF /* InfoPlist.strings in Resources */ = {isa = PBXBuildFile; fileRef = 885A37EF1666A68800AF4DFF /* InfoPlist.strings */; };
		885A37F31666A68800AF4DFF /* main.m in Sources */ = {isa = PBXBuildFile; fileRef = 885A37F21666A68800AF4DFF /* main.m */; };
		885A37F71666A68800AF4DFF /* AppDelegate.m in Sources */ = {isa = PBXBuildFile; fileRef = 885A37F61666A68800AF4DFF /* AppDelegate.m */; };
		885A37F91666A68800AF4DFF /* Default.png in Resources */ = {isa = PBXBuildFile; fileRef = 885A37F81666A68800AF4DFF /* Default.png */; };
		885A37FD1666A68900AF4DFF /* Default-568h@2x.png in Resources */ = {isa = PBXBuildFile; fileRef = 885A37FC1666A68900AF4DFF /* Default-568h@2x.png */; };
		885A38001666A68900AF4DFF /* MainStoryboard.storyboard in Resources */ = {isa = PBXBuildFile; fileRef = 885A37FE1666A68900AF4DFF /* MainStoryboard.storyboard */; };
		885A38031666A68900AF4DFF /* ViewController.m in Sources */ = {isa = PBXBuildFile; fileRef = 885A38021666A68900AF4DFF /* ViewController.m */; };
		885A380B1666A68900AF4DFF /* SenTestingKit.framework in Frameworks */ = {isa = PBXBuildFile; fileRef = 885A380A1666A68900AF4DFF /* SenTestingKit.framework */; };
		885A380C1666A68900AF4DFF /* UIKit.framework in Frameworks */ = {isa = PBXBuildFile; fileRef = 885A37E61666A68800AF4DFF /* UIKit.framework */; };
		885A380D1666A68900AF4DFF /* Foundation.framework in Frameworks */ = {isa = PBXBuildFile; fileRef = 885A37E81666A68800AF4DFF /* Foundation.framework */; };
		885A38151666A68900AF4DFF /* InfoPlist.strings in Resources */ = {isa = PBXBuildFile; fileRef = 885A38131666A68900AF4DFF /* InfoPlist.strings */; };
		885A38181666A68900AF4DFF /* PDFGenTests.m in Sources */ = {isa = PBXBuildFile; fileRef = 885A38171666A68900AF4DFF /* PDFGenTests.m */; };
		8895CF5016702F1600981461 /* Accounts.framework in Frameworks */ = {isa = PBXBuildFile; fileRef = 8895CF4F16702F1600981461 /* Accounts.framework */; };
		8895CF5316702F3D00981461 /* Social.framework in Frameworks */ = {isa = PBXBuildFile; fileRef = 8895CF5216702F3D00981461 /* Social.framework */; };
		88A95F02166701BE000B2198 /* MessageUI.framework in Frameworks */ = {isa = PBXBuildFile; fileRef = 88A95F01166701BE000B2198 /* MessageUI.framework */; };
		88C5C84D1666AD1900568661 /* PDFgen.m in Sources */ = {isa = PBXBuildFile; fileRef = 88C5C84C1666AD1900568661 /* PDFgen.m */; };
		88C5C8571666C09E00568661 /* CoreText.framework in Frameworks */ = {isa = PBXBuildFile; fileRef = 88C5C8561666C09E00568661 /* CoreText.framework */; };
		88FC0C5B16752A820084CE43 /* FacebookSDK.framework in Frameworks */ = {isa = PBXBuildFile; fileRef = 88FC0C5A16752A820084CE43 /* FacebookSDK.framework */; };
		88FC0C6016752C030084CE43 /* libsqlite3.dylib in Frameworks */ = {isa = PBXBuildFile; fileRef = 88FC0C5F16752C030084CE43 /* libsqlite3.dylib */; };
		88FC0C6216752C600084CE43 /* AdSupport.framework in Frameworks */ = {isa = PBXBuildFile; fileRef = 88FC0C6116752C600084CE43 /* AdSupport.framework */; };
/* End PBXBuildFile section */

/* Begin PBXContainerItemProxy section */
		885A380E1666A68900AF4DFF /* PBXContainerItemProxy */ = {
			isa = PBXContainerItemProxy;
			containerPortal = 885A37D91666A68800AF4DFF /* Project object */;
			proxyType = 1;
			remoteGlobalIDString = 885A37E11666A68800AF4DFF;
			remoteInfo = PDFGen;
		};
/* End PBXContainerItemProxy section */

/* Begin PBXFileReference section */
		885A37E21666A68800AF4DFF /* PDF Test.app */ = {isa = PBXFileReference; explicitFileType = wrapper.application; includeInIndex = 0; path = "PDF Test.app"; sourceTree = BUILT_PRODUCTS_DIR; };
		885A37E61666A68800AF4DFF /* UIKit.framework */ = {isa = PBXFileReference; lastKnownFileType = wrapper.framework; name = UIKit.framework; path = System/Library/Frameworks/UIKit.framework; sourceTree = SDKROOT; };
		885A37E81666A68800AF4DFF /* Foundation.framework */ = {isa = PBXFileReference; lastKnownFileType = wrapper.framework; name = Foundation.framework; path = System/Library/Frameworks/Foundation.framework; sourceTree = SDKROOT; };
		885A37EA1666A68800AF4DFF /* CoreGraphics.framework */ = {isa = PBXFileReference; lastKnownFileType = wrapper.framework; name = CoreGraphics.framework; path = System/Library/Frameworks/CoreGraphics.framework; sourceTree = SDKROOT; };
		885A37EE1666A68800AF4DFF /* PDF Test-Info.plist */ = {isa = PBXFileReference; lastKnownFileType = text.plist.xml; path = "PDF Test-Info.plist"; sourceTree = "<group>"; };
		885A37F01666A68800AF4DFF /* en */ = {isa = PBXFileReference; lastKnownFileType = text.plist.strings; name = en; path = en.lproj/InfoPlist.strings; sourceTree = "<group>"; };
		885A37F21666A68800AF4DFF /* main.m */ = {isa = PBXFileReference; lastKnownFileType = sourcecode.c.objc; path = main.m; sourceTree = "<group>"; };
		885A37F41666A68800AF4DFF /* PDF Test-Prefix.pch */ = {isa = PBXFileReference; lastKnownFileType = sourcecode.c.h; path = "PDF Test-Prefix.pch"; sourceTree = "<group>"; };
		885A37F51666A68800AF4DFF /* AppDelegate.h */ = {isa = PBXFileReference; lastKnownFileType = sourcecode.c.h; path = AppDelegate.h; sourceTree = "<group>"; };
		885A37F61666A68800AF4DFF /* AppDelegate.m */ = {isa = PBXFileReference; lastKnownFileType = sourcecode.c.objc; path = AppDelegate.m; sourceTree = "<group>"; };
		885A37F81666A68800AF4DFF /* Default.png */ = {isa = PBXFileReference; lastKnownFileType = image.png; path = Default.png; sourceTree = "<group>"; };
		885A37FC1666A68900AF4DFF /* Default-568h@2x.png */ = {isa = PBXFileReference; lastKnownFileType = image.png; path = "Default-568h@2x.png"; sourceTree = "<group>"; };
		885A37FF1666A68900AF4DFF /* en */ = {isa = PBXFileReference; lastKnownFileType = file.storyboard; name = en; path = en.lproj/MainStoryboard.storyboard; sourceTree = "<group>"; };
		885A38011666A68900AF4DFF /* ViewController.h */ = {isa = PBXFileReference; lastKnownFileType = sourcecode.c.h; path = ViewController.h; sourceTree = "<group>"; };
		885A38021666A68900AF4DFF /* ViewController.m */ = {isa = PBXFileReference; lastKnownFileType = sourcecode.c.objc; path = ViewController.m; sourceTree = "<group>"; };
		885A38091666A68900AF4DFF /* PDF TestTests.octest */ = {isa = PBXFileReference; explicitFileType = wrapper.cfbundle; includeInIndex = 0; path = "PDF TestTests.octest"; sourceTree = BUILT_PRODUCTS_DIR; };
		885A380A1666A68900AF4DFF /* SenTestingKit.framework */ = {isa = PBXFileReference; lastKnownFileType = wrapper.framework; name = SenTestingKit.framework; path = Library/Frameworks/SenTestingKit.framework; sourceTree = DEVELOPER_DIR; };
		885A38121666A68900AF4DFF /* PDF TestTests-Info.plist */ = {isa = PBXFileReference; lastKnownFileType = text.plist.xml; path = "PDF TestTests-Info.plist"; sourceTree = "<group>"; };
		885A38141666A68900AF4DFF /* en */ = {isa = PBXFileReference; lastKnownFileType = text.plist.strings; name = en; path = en.lproj/InfoPlist.strings; sourceTree = "<group>"; };
		885A38161666A68900AF4DFF /* PDFGenTests.h */ = {isa = PBXFileReference; lastKnownFileType = sourcecode.c.h; path = PDFGenTests.h; sourceTree = "<group>"; };
		885A38171666A68900AF4DFF /* PDFGenTests.m */ = {isa = PBXFileReference; lastKnownFileType = sourcecode.c.objc; path = PDFGenTests.m; sourceTree = "<group>"; };
		8895CF4F16702F1600981461 /* Accounts.framework */ = {isa = PBXFileReference; lastKnownFileType = wrapper.framework; name = Accounts.framework; path = System/Library/Frameworks/Accounts.framework; sourceTree = SDKROOT; };
		8895CF5216702F3D00981461 /* Social.framework */ = {isa = PBXFileReference; lastKnownFileType = wrapper.framework; name = Social.framework; path = System/Library/Frameworks/Social.framework; sourceTree = SDKROOT; };
		88A95F01166701BE000B2198 /* MessageUI.framework */ = {isa = PBXFileReference; lastKnownFileType = wrapper.framework; name = MessageUI.framework; path = System/Library/Frameworks/MessageUI.framework; sourceTree = SDKROOT; };
		88C5C84B1666AD1900568661 /* PDFgen.h */ = {isa = PBXFileReference; fileEncoding = 4; lastKnownFileType = sourcecode.c.h; name = PDFgen.h; path = ../PDFgen.h; sourceTree = "<group>"; };
		88C5C84C1666AD1900568661 /* PDFgen.m */ = {isa = PBXFileReference; fileEncoding = 4; lastKnownFileType = sourcecode.c.objc; name = PDFgen.m; path = ../PDFgen.m; sourceTree = "<group>"; };
		88C5C8561666C09E00568661 /* CoreText.framework */ = {isa = PBXFileReference; lastKnownFileType = wrapper.framework; name = CoreText.framework; path = System/Library/Frameworks/CoreText.framework; sourceTree = SDKROOT; };
		88FC0C5A16752A820084CE43 /* FacebookSDK.framework */ = {isa = PBXFileReference; lastKnownFileType = wrapper.framework; name = FacebookSDK.framework; path = /Volumes/Scratch/facebookSDK/build/FacebookSDK.framework; sourceTree = "<absolute>"; };
		88FC0C5F16752C030084CE43 /* libsqlite3.dylib */ = {isa = PBXFileReference; lastKnownFileType = "compiled.mach-o.dylib"; name = libsqlite3.dylib; path = usr/lib/libsqlite3.dylib; sourceTree = SDKROOT; };
		88FC0C6116752C600084CE43 /* AdSupport.framework */ = {isa = PBXFileReference; lastKnownFileType = wrapper.framework; name = AdSupport.framework; path = System/Library/Frameworks/AdSupport.framework; sourceTree = SDKROOT; };
/* End PBXFileReference section */

/* Begin PBXFrameworksBuildPhase section */
		885A37DF1666A68800AF4DFF /* Frameworks */ = {
			isa = PBXFrameworksBuildPhase;
			buildActionMask = 2147483647;
			files = (
				88FC0C6216752C600084CE43 /* AdSupport.framework in Frameworks */,
				88FC0C6016752C030084CE43 /* libsqlite3.dylib in Frameworks */,
				88FC0C5B16752A820084CE43 /* FacebookSDK.framework in Frameworks */,
				8895CF5316702F3D00981461 /* Social.framework in Frameworks */,
				8895CF5016702F1600981461 /* Accounts.framework in Frameworks */,
				88A95F02166701BE000B2198 /* MessageUI.framework in Frameworks */,
				88C5C8571666C09E00568661 /* CoreText.framework in Frameworks */,
				885A37E71666A68800AF4DFF /* UIKit.framework in Frameworks */,
				885A37E91666A68800AF4DFF /* Foundation.framework in Frameworks */,
				885A37EB1666A68800AF4DFF /* CoreGraphics.framework in Frameworks */,
			);
			runOnlyForDeploymentPostprocessing = 0;
		};
		885A38051666A68900AF4DFF /* Frameworks */ = {
			isa = PBXFrameworksBuildPhase;
			buildActionMask = 2147483647;
			files = (
				885A380B1666A68900AF4DFF /* SenTestingKit.framework in Frameworks */,
				885A380C1666A68900AF4DFF /* UIKit.framework in Frameworks */,
				885A380D1666A68900AF4DFF /* Foundation.framework in Frameworks */,
			);
			runOnlyForDeploymentPostprocessing = 0;
		};
/* End PBXFrameworksBuildPhase section */

/* Begin PBXGroup section */
		885A37D71666A68800AF4DFF = {
			isa = PBXGroup;
			children = (
				885A37EC1666A68800AF4DFF /* PDFGen */,
				885A38101666A68900AF4DFF /* PDFGenTests */,
				885A37E51666A68800AF4DFF /* Frameworks */,
				885A37E31666A68800AF4DFF /* Products */,
			);
			sourceTree = "<group>";
		};
		885A37E31666A68800AF4DFF /* Products */ = {
			isa = PBXGroup;
			children = (
				885A37E21666A68800AF4DFF /* PDF Test.app */,
				885A38091666A68900AF4DFF /* PDF TestTests.octest */,
			);
			name = Products;
			sourceTree = "<group>";
		};
		885A37E51666A68800AF4DFF /* Frameworks */ = {
			isa = PBXGroup;
			children = (
				88FC0C6116752C600084CE43 /* AdSupport.framework */,
				88FC0C5F16752C030084CE43 /* libsqlite3.dylib */,
				88FC0C5A16752A820084CE43 /* FacebookSDK.framework */,
				8895CF5216702F3D00981461 /* Social.framework */,
				8895CF4F16702F1600981461 /* Accounts.framework */,
				88A95F01166701BE000B2198 /* MessageUI.framework */,
				88C5C8561666C09E00568661 /* CoreText.framework */,
				885A37E61666A68800AF4DFF /* UIKit.framework */,
				885A37E81666A68800AF4DFF /* Foundation.framework */,
				885A37EA1666A68800AF4DFF /* CoreGraphics.framework */,
				885A380A1666A68900AF4DFF /* SenTestingKit.framework */,
			);
			name = Frameworks;
			sourceTree = "<group>";
		};
		885A37EC1666A68800AF4DFF /* PDFGen */ = {
			isa = PBXGroup;
			children = (
				885A37F51666A68800AF4DFF /* AppDelegate.h */,
				885A37F61666A68800AF4DFF /* AppDelegate.m */,
				885A37FE1666A68900AF4DFF /* MainStoryboard.storyboard */,
				885A38011666A68900AF4DFF /* ViewController.h */,
				885A38021666A68900AF4DFF /* ViewController.m */,
				88C5C84B1666AD1900568661 /* PDFgen.h */,
				88C5C84C1666AD1900568661 /* PDFgen.m */,
				885A37ED1666A68800AF4DFF /* Supporting Files */,
			);
			path = PDFGen;
			sourceTree = "<group>";
		};
		885A37ED1666A68800AF4DFF /* Supporting Files */ = {
			isa = PBXGroup;
			children = (
				885A37EE1666A68800AF4DFF /* PDF Test-Info.plist */,
				885A37EF1666A68800AF4DFF /* InfoPlist.strings */,
				885A37F21666A68800AF4DFF /* main.m */,
				885A37F41666A68800AF4DFF /* PDF Test-Prefix.pch */,
				885A37F81666A68800AF4DFF /* Default.png */,
				885A37FC1666A68900AF4DFF /* Default-568h@2x.png */,
			);
			name = "Supporting Files";
			sourceTree = "<group>";
		};
		885A38101666A68900AF4DFF /* PDFGenTests */ = {
			isa = PBXGroup;
			children = (
				885A38161666A68900AF4DFF /* PDFGenTests.h */,
				885A38171666A68900AF4DFF /* PDFGenTests.m */,
				885A38111666A68900AF4DFF /* Supporting Files */,
			);
			path = PDFGenTests;
			sourceTree = "<group>";
		};
		885A38111666A68900AF4DFF /* Supporting Files */ = {
			isa = PBXGroup;
			children = (
				885A38121666A68900AF4DFF /* PDF TestTests-Info.plist */,
				885A38131666A68900AF4DFF /* InfoPlist.strings */,
			);
			name = "Supporting Files";
			sourceTree = "<group>";
		};
/* End PBXGroup section */

/* Begin PBXNativeTarget section */
		885A37E11666A68800AF4DFF /* PDF Test */ = {
			isa = PBXNativeTarget;
			buildConfigurationList = 885A381B1666A68900AF4DFF /* Build configuration list for PBXNativeTarget "PDF Test" */;
			buildPhases = (
				885A37DE1666A68800AF4DFF /* Sources */,
				885A37DF1666A68800AF4DFF /* Frameworks */,
				885A37E01666A68800AF4DFF /* Resources */,
			);
			buildRules = (
			);
			dependencies = (
			);
			name = "PDF Test";
			productName = PDFGen;
			productReference = 885A37E21666A68800AF4DFF /* PDF Test.app */;
			productType = "com.apple.product-type.application";
		};
		885A38081666A68900AF4DFF /* PDF TestTests */ = {
			isa = PBXNativeTarget;
			buildConfigurationList = 885A381E1666A68900AF4DFF /* Build configuration list for PBXNativeTarget "PDF TestTests" */;
			buildPhases = (
				885A38041666A68900AF4DFF /* Sources */,
				885A38051666A68900AF4DFF /* Frameworks */,
				885A38061666A68900AF4DFF /* Resources */,
				885A38071666A68900AF4DFF /* ShellScript */,
			);
			buildRules = (
			);
			dependencies = (
				885A380F1666A68900AF4DFF /* PBXTargetDependency */,
			);
			name = "PDF TestTests";
			productName = PDFGenTests;
			productReference = 885A38091666A68900AF4DFF /* PDF TestTests.octest */;
			productType = "com.apple.product-type.bundle";
		};
/* End PBXNativeTarget section */

/* Begin PBXProject section */
		885A37D91666A68800AF4DFF /* Project object */ = {
			isa = PBXProject;
			attributes = {
				LastUpgradeCheck = 0450;
				ORGANIZATIONNAME = "The University of Waikato";
			};
			buildConfigurationList = 885A37DC1666A68800AF4DFF /* Build configuration list for PBXProject "PDF Test" */;
			compatibilityVersion = "Xcode 3.2";
			developmentRegion = English;
			hasScannedForEncodings = 0;
			knownRegions = (
				en,
			);
			mainGroup = 885A37D71666A68800AF4DFF;
			productRefGroup = 885A37E31666A68800AF4DFF /* Products */;
			projectDirPath = "";
			projectRoot = "";
			targets = (
				885A37E11666A68800AF4DFF /* PDF Test */,
				885A38081666A68900AF4DFF /* PDF TestTests */,
			);
		};
/* End PBXProject section */

/* Begin PBXResourcesBuildPhase section */
		885A37E01666A68800AF4DFF /* Resources */ = {
			isa = PBXResourcesBuildPhase;
			buildActionMask = 2147483647;
			files = (
				885A37F11666A68800AF4DFF /* InfoPlist.strings in Resources */,
				885A37F91666A68800AF4DFF /* Default.png in Resources */,
				885A37FD1666A68900AF4DFF /* Default-568h@2x.png in Resources */,
				885A38001666A68900AF4DFF /* MainStoryboard.storyboard in Resources */,
			);
			runOnlyForDeploymentPostprocessing = 0;
		};
		885A38061666A68900AF4DFF /* Resources */ = {
			isa = PBXResourcesBuildPhase;
			buildActionMask = 2147483647;
			files = (
				885A38151666A68900AF4DFF /* InfoPlist.strings in Resources */,
			);
			runOnlyForDeploymentPostprocessing = 0;
		};
/* End PBXResourcesBuildPhase section */

/* Begin PBXShellScriptBuildPhase section */
		885A38071666A68900AF4DFF /* ShellScript */ = {
			isa = PBXShellScriptBuildPhase;
			buildActionMask = 2147483647;
			files = (
			);
			inputPaths = (
			);
			outputPaths = (
			);
			runOnlyForDeploymentPostprocessing = 0;
			shellPath = /bin/sh;
			shellScript = "# Run the unit tests in this test bundle.\n\"${SYSTEM_DEVELOPER_DIR}/Tools/RunUnitTests\"\n";
		};
/* End PBXShellScriptBuildPhase section */

/* Begin PBXSourcesBuildPhase section */
		885A37DE1666A68800AF4DFF /* Sources */ = {
			isa = PBXSourcesBuildPhase;
			buildActionMask = 2147483647;
			files = (
				885A37F31666A68800AF4DFF /* main.m in Sources */,
				885A37F71666A68800AF4DFF /* AppDelegate.m in Sources */,
				885A38031666A68900AF4DFF /* ViewController.m in Sources */,
				88C5C84D1666AD1900568661 /* PDFgen.m in Sources */,
			);
			runOnlyForDeploymentPostprocessing = 0;
		};
		885A38041666A68900AF4DFF /* Sources */ = {
			isa = PBXSourcesBuildPhase;
			buildActionMask = 2147483647;
			files = (
				885A38181666A68900AF4DFF /* PDFGenTests.m in Sources */,
			);
			runOnlyForDeploymentPostprocessing = 0;
		};
/* End PBXSourcesBuildPhase section */

/* Begin PBXTargetDependency section */
		885A380F1666A68900AF4DFF /* PBXTargetDependency */ = {
			isa = PBXTargetDependency;
			target = 885A37E11666A68800AF4DFF /* PDF Test */;
			targetProxy = 885A380E1666A68900AF4DFF /* PBXContainerItemProxy */;
		};
/* End PBXTargetDependency section */

/* Begin PBXVariantGroup section */
		885A37EF1666A68800AF4DFF /* InfoPlist.strings */ = {
			isa = PBXVariantGroup;
			children = (
				885A37F01666A68800AF4DFF /* en */,
			);
			name = InfoPlist.strings;
			sourceTree = "<group>";
		};
		885A37FE1666A68900AF4DFF /* MainStoryboard.storyboard */ = {
			isa = PBXVariantGroup;
			children = (
				885A37FF1666A68900AF4DFF /* en */,
			);
			name = MainStoryboard.storyboard;
			sourceTree = "<group>";
		};
		885A38131666A68900AF4DFF /* InfoPlist.strings */ = {
			isa = PBXVariantGroup;
			children = (
				885A38141666A68900AF4DFF /* en */,
			);
			name = InfoPlist.strings;
			sourceTree = "<group>";
		};
/* End PBXVariantGroup section */

/* Begin XCBuildConfiguration section */
		885A38191666A68900AF4DFF /* Debug */ = {
			isa = XCBuildConfiguration;
			buildSettings = {
				ALWAYS_SEARCH_USER_PATHS = NO;
				CLANG_CXX_LANGUAGE_STANDARD = "gnu++0x";
				CLANG_CXX_LIBRARY = "libc++";
				CLANG_ENABLE_OBJC_ARC = YES;
				CLANG_WARN_EMPTY_BODY = YES;
				CLANG_WARN__DUPLICATE_METHOD_MATCH = YES;
				"CODE_SIGN_IDENTITY[sdk=iphoneos*]" = "iPhone Developer";
				COPY_PHASE_STRIP = NO;
				GCC_C_LANGUAGE_STANDARD = gnu99;
				GCC_DYNAMIC_NO_PIC = NO;
				GCC_OPTIMIZATION_LEVEL = 0;
				GCC_PREPROCESSOR_DEFINITIONS = (
					"DEBUG=1",
					"$(inherited)",
				);
				GCC_SYMBOLS_PRIVATE_EXTERN = NO;
				GCC_WARN_ABOUT_RETURN_TYPE = YES;
				GCC_WARN_UNINITIALIZED_AUTOS = YES;
				GCC_WARN_UNUSED_VARIABLE = YES;
				IPHONEOS_DEPLOYMENT_TARGET = 6.0;
				ONLY_ACTIVE_ARCH = YES;
				SDKROOT = iphoneos;
				TARGETED_DEVICE_FAMILY = 2;
			};
			name = Debug;
		};
		885A381A1666A68900AF4DFF /* Release */ = {
			isa = XCBuildConfiguration;
			buildSettings = {
				ALWAYS_SEARCH_USER_PATHS = NO;
				CLANG_CXX_LANGUAGE_STANDARD = "gnu++0x";
				CLANG_CXX_LIBRARY = "libc++";
				CLANG_ENABLE_OBJC_ARC = YES;
				CLANG_WARN_EMPTY_BODY = YES;
				CLANG_WARN__DUPLICATE_METHOD_MATCH = YES;
				"CODE_SIGN_IDENTITY[sdk=iphoneos*]" = "iPhone Developer";
				COPY_PHASE_STRIP = YES;
				GCC_C_LANGUAGE_STANDARD = gnu99;
				GCC_WARN_ABOUT_RETURN_TYPE = YES;
				GCC_WARN_UNINITIALIZED_AUTOS = YES;
				GCC_WARN_UNUSED_VARIABLE = YES;
				IPHONEOS_DEPLOYMENT_TARGET = 6.0;
				OTHER_CFLAGS = "-DNS_BLOCK_ASSERTIONS=1";
				SDKROOT = iphoneos;
				TARGETED_DEVICE_FAMILY = 2;
				VALIDATE_PRODUCT = YES;
			};
			name = Release;
		};
		885A381C1666A68900AF4DFF /* Debug */ = {
			isa = XCBuildConfiguration;
			buildSettings = {
				CODE_SIGN_IDENTITY = "iPhone Developer";
				FRAMEWORK_SEARCH_PATHS = (
					"$(inherited)",
					"\"$(SRCROOT)\"",
					/Volumes/Scratch/facebookSDK/build,
				);
				GCC_PRECOMPILE_PREFIX_HEADER = YES;
				GCC_PREFIX_HEADER = "PDFGen/PDF Test-Prefix.pch";
				INFOPLIST_FILE = "PDFGen/PDF Test-Info.plist";
				ONLY_ACTIVE_ARCH = YES;
				PRODUCT_NAME = "PDF Test";
				PROVISIONING_PROFILE = "";
				TARGETED_DEVICE_FAMILY = "1,2";
				WRAPPER_EXTENSION = app;
			};
			name = Debug;
		};
		885A381D1666A68900AF4DFF /* Release */ = {
			isa = XCBuildConfiguration;
			buildSettings = {
				CODE_SIGN_IDENTITY = "iPhone Developer";
				FRAMEWORK_SEARCH_PATHS = (
					"$(inherited)",
					"\"$(SRCROOT)\"",
					/Volumes/Scratch/facebookSDK/build,
				);
				GCC_PRECOMPILE_PREFIX_HEADER = YES;
				GCC_PREFIX_HEADER = "PDFGen/PDF Test-Prefix.pch";
				INFOPLIST_FILE = "PDFGen/PDF Test-Info.plist";
				ONLY_ACTIVE_ARCH = YES;
				PRODUCT_NAME = "PDF Test";
				PROVISIONING_PROFILE = "";
				TARGETED_DEVICE_FAMILY = "1,2";
				WRAPPER_EXTENSION = app;
			};
			name = Release;
		};
		885A381F1666A68900AF4DFF /* Debug */ = {
			isa = XCBuildConfiguration;
			buildSettings = {
				BUNDLE_LOADER = "$(BUILT_PRODUCTS_DIR)/PDFGen.app/PDFGen";
				FRAMEWORK_SEARCH_PATHS = (
					"\"$(SDKROOT)/Developer/Library/Frameworks\"",
					"\"$(DEVELOPER_LIBRARY_DIR)/Frameworks\"",
				);
				GCC_PRECOMPILE_PREFIX_HEADER = YES;
				GCC_PREFIX_HEADER = "PDFGen/PDFGen-Prefix.pch";
				INFOPLIST_FILE = "PDFGenTests/PDF TestTests-Info.plist";
				PRODUCT_NAME = "PDF TestTests";
				TEST_HOST = "$(BUNDLE_LOADER)";
				WRAPPER_EXTENSION = octest;
			};
			name = Debug;
		};
		885A38201666A68900AF4DFF /* Release */ = {
			isa = XCBuildConfiguration;
			buildSettings = {
				BUNDLE_LOADER = "$(BUILT_PRODUCTS_DIR)/PDFGen.app/PDFGen";
				FRAMEWORK_SEARCH_PATHS = (
					"\"$(SDKROOT)/Developer/Library/Frameworks\"",
					"\"$(DEVELOPER_LIBRARY_DIR)/Frameworks\"",
				);
				GCC_PRECOMPILE_PREFIX_HEADER = YES;
				GCC_PREFIX_HEADER = "PDFGen/PDFGen-Prefix.pch";
				INFOPLIST_FILE = "PDFGenTests/PDF TestTests-Info.plist";
				PRODUCT_NAME = "PDF TestTests";
				TEST_HOST = "$(BUNDLE_LOADER)";
				WRAPPER_EXTENSION = octest;
			};
			name = Release;
		};
/* End XCBuildConfiguration section */

/* Begin XCConfigurationList section */
		885A37DC1666A68800AF4DFF /* Build configuration list for PBXProject "PDF Test" */ = {
			isa = XCConfigurationList;
			buildConfigurations = (
				885A38191666A68900AF4DFF /* Debug */,
				885A381A1666A68900AF4DFF /* Release */,
			);
			defaultConfigurationIsVisible = 0;
			defaultConfigurationName = Debug;
		};
		885A381B1666A68900AF4DFF /* Build configuration list for PBXNativeTarget "PDF Test" */ = {
			isa = XCConfigurationList;
			buildConfigurations = (
				885A381C1666A68900AF4DFF /* Debug */,
				885A381D1666A68900AF4DFF /* Release */,
			);
			defaultConfigurationIsVisible = 0;
			defaultConfigurationName = Debug;
		};
		885A381E1666A68900AF4DFF /* Build configuration list for PBXNativeTarget "PDF TestTests" */ = {
			isa = XCConfigurationList;
			buildConfigurations = (
				885A381F1666A68900AF4DFF /* Debug */,
				885A38201666A68900AF4DFF /* Release */,
			);
			defaultConfigurationIsVisible = 0;
			defaultConfigurationName = Debug;
		};
/* End XCConfigurationList section */
	};
	rootObject = 885A37D91666A68800AF4DFF /* Project object */;
}
